
Microsoft Visual Studio Solution File, Format Version 12.00
# Visual Studio Version 17
VisualStudioVersion = 17.9.34902.65
MinimumVisualStudioVersion = 10.0.40219.1
Project("{9A19103F-16F7-4668-BE54-9A1E7A4F7556}") = "BlazorContentProjection", "BlazorContentProjection\BlazorContentProjection.csproj", "{D3C3CFC2-8620-4D64-AF9A-4FEDC704DC0C}"
EndProject
Global
	GlobalSection(SolutionConfigurationPlatforms) = preSolution
		Debug|Any CPU = Debug|Any CPU
		Release|Any CPU = Release|Any CPU
	EndGlobalSection
	GlobalSection(ProjectConfigurationPlatforms) = postSolution
		{D3C3CFC2-8620-4D64-AF9A-4FEDC704DC0C}.Debug|Any CPU.ActiveCfg = Debug|Any CPU
		{D3C3CFC2-8620-4D64-AF9A-4FEDC704DC0C}.Debug|Any CPU.Build.0 = Debug|Any CPU
		{D3C3CFC2-8620-4D64-AF9A-4FEDC704DC0C}.Release|Any CPU.ActiveCfg = Release|Any CPU
		{D3C3CFC2-8620-4D64-AF9A-4FEDC704DC0C}.Release|Any CPU.Build.0 = Release|Any CPU
	EndGlobalSection
	GlobalSection(SolutionProperties) = preSolution
		HideSolutionNode = FALSE
	EndGlobalSection
	GlobalSection(ExtensibilityGlobals) = postSolution
		SolutionGuid = {929F8714-F8CD-4CC6-BEE3-01509B041889}
	EndGlobalSection
EndGlobal
